{"SurveyEntry":{"SurveyID":"SV_9ykT8FWUU31yjGu","SurveyName":"DCE_SP","SurveyDescription":null,"SurveyOwnerID":"UR_1B5Pj6Wk9W8D0lT","SurveyBrandID":"ivtethz","DivisionID":null,"SurveyLanguage":"EN","SurveyActiveResponseSet":"RS_6Jvm96XWmyyLb0y","SurveyStatus":"Active","SurveyStartDate":"0000-00-00 00:00:00","SurveyExpirationDate":"0000-00-00 00:00:00","SurveyCreationDate":"2022-09-16 01:34:21","CreatorID":"UR_1B5Pj6Wk9W8D0lT","LastModified":"2022-09-20 16:19:55","LastAccessed":"0000-00-00 00:00:00","LastActivated":"2022-09-19 15:34:38","Deleted":null},"SurveyElements":[{"SurveyID":"SV_9ykT8FWUU31yjGu","Element":"BL","PrimaryAttribute":"Survey Blocks","SecondaryAttribute":null,"TertiaryAttribute":null,"Payload":[{"Type":"Default","Description":"intro","ID":"BL_cYN9d67Y1En5TMO","BlockElements":[{"Type":"Question","QuestionID":"QID1"}]},{"Type":"Trash","Description":"Trash \/ Unused Questions","ID":"BL_5tqfY5qgswfO2fI"},{"Type":"Standard","SubType":"","Description":"dce_sp_pictures","ID":"BL_39sJyt63qmJ42tU","BlockElements":[{"Type":"Question","QuestionID":"QID11"},{"Type":"Page Break"},{"Type":"Question","QuestionID":"QID2"},{"Type":"Page Break"},{"Type":"Question","QuestionID":"QID3"},{"Type":"Page Break"},{"Type":"Question","QuestionID":"QID4"},{"Type":"Page Break"},{"Type":"Question","QuestionID":"QID5"}]},{"Type":"Standard","SubType":"","Description":"dce_sp_matrixtable","ID":"BL_42F95zcTkRSbBEa","BlockElements":[{"Type":"Question","QuestionID":"QID10"},{"Type":"Page Break"},{"Type":"Question","QuestionID":"QID6"},{"Type":"Page Break"},{"Type":"Question","QuestionID":"QID7"},{"Type":"Page Break"},{"Type":"Question","QuestionID":"QID8"},{"Type":"Page Break"},{"Type":"Question","QuestionID":"QID9"}]}]},{"SurveyID":"SV_9ykT8FWUU31yjGu","Element":"FL","PrimaryAttribute":"Survey Flow","SecondaryAttribute":null,"TertiaryAttribute":null,"Payload":{"Type":"Root","FlowID":"FL_1","Flow":[{"Type":"BlockRandomizer","FlowID":"FL_4","SubSet":1,"EvenPresentation":true,"Flow":[{"Type":"EmbeddedData","FlowID":"FL_5","EmbeddedData":[{"Description":"block","Type":"Custom","Field":"block","VariableType":"Scale","DataVisibility":[],"Value":"1"}]},{"Type":"EmbeddedData","FlowID":"FL_6","EmbeddedData":[{"Description":"block","Type":"Custom","Field":"block","VariableType":"Scale","DataVisibility":[],"Value":"2"}]},{"Type":"EmbeddedData","FlowID":"FL_7","EmbeddedData":[{"Description":"block","Type":"Custom","Field":"block","VariableType":"Scale","DataVisibility":[],"Value":"3"}]}]},{"Type":"WebService","FlowID":"FL_10","URL":"https:\/\/dcesp.s3.eu-central-1.amazonaws.com\/jsons\/block_${e:\/\/Field\/block}.json","Method":"GET","RequestParams":[],"EditBodyParams":[],"Body":[],"ContentType":"application\/x-www-form-urlencoded","Headers":[],"ResponseMap":[{"key":"0.block","value":"0.block"},{"key":"0.cs","value":"0.cs"},{"key":"0.cost_walk","value":"0.cost_walk"},{"key":"0.traveltime_walk","value":"0.traveltime_walk"},{"key":"0.cost_bicycle","value":"0.cost_bicycle"},{"key":"0.traveltime_bicycle","value":"0.traveltime_bicycle"},{"key":"0.cost_car","value":"0.cost_car"},{"key":"0.traveltime_car","value":"0.traveltime_car"},{"key":"0.cost_pt","value":"0.cost_pt"},{"key":"0.traveltime_pt","value":"0.traveltime_pt"},{"key":"0.block_name","value":"0.block_name"},{"key":"1.block","value":"1.block"},{"key":"1.cs","value":"1.cs"},{"key":"1.cost_walk","value":"1.cost_walk"},{"key":"1.traveltime_walk","value":"1.traveltime_walk"},{"key":"1.cost_bicycle","value":"1.cost_bicycle"},{"key":"1.traveltime_bicycle","value":"1.traveltime_bicycle"},{"key":"1.cost_car","value":"1.cost_car"},{"key":"1.traveltime_car","value":"1.traveltime_car"},{"key":"1.cost_pt","value":"1.cost_pt"},{"key":"1.traveltime_pt","value":"1.traveltime_pt"},{"key":"1.block_name","value":"1.block_name"},{"key":"2.block","value":"2.block"},{"key":"2.cs","value":"2.cs"},{"key":"2.cost_walk","value":"2.cost_walk"},{"key":"2.traveltime_walk","value":"2.traveltime_walk"},{"key":"2.cost_bicycle","value":"2.cost_bicycle"},{"key":"2.traveltime_bicycle","value":"2.traveltime_bicycle"},{"key":"2.cost_car","value":"2.cost_car"},{"key":"2.traveltime_car","value":"2.traveltime_car"},{"key":"2.cost_pt","value":"2.cost_pt"},{"key":"2.traveltime_pt","value":"2.traveltime_pt"},{"key":"2.block_name","value":"2.block_name"},{"key":"3.block","value":"3.block"},{"key":"3.cs","value":"3.cs"},{"key":"3.cost_walk","value":"3.cost_walk"},{"key":"3.traveltime_walk","value":"3.traveltime_walk"},{"key":"3.cost_bicycle","value":"3.cost_bicycle"},{"key":"3.traveltime_bicycle","value":"3.traveltime_bicycle"},{"key":"3.cost_car","value":"3.cost_car"},{"key":"3.traveltime_car","value":"3.traveltime_car"},{"key":"3.cost_pt","value":"3.cost_pt"},{"key":"3.traveltime_pt","value":"3.traveltime_pt"},{"key":"3.block_name","value":"3.block_name"}],"FireAndForget":false,"SchemaVersion":0,"StringifyValues":true},{"Type":"Block","ID":"BL_cYN9d67Y1En5TMO","FlowID":"FL_2","Autofill":[]},{"Type":"Standard","ID":"BL_39sJyt63qmJ42tU","FlowID":"FL_3","Autofill":[]},{"Type":"Standard","ID":"BL_42F95zcTkRSbBEa","FlowID":"FL_9","Autofill":[]}],"Properties":{"Count":10,"RemovedFieldsets":[]}}},{"SurveyID":"SV_9ykT8FWUU31yjGu","Element":"PL","PrimaryAttribute":"Preview Link","SecondaryAttribute":null,"TertiaryAttribute":null,"Payload":{"PreviewType":"Brand","PreviewID":"fa447a1f-02ec-43b9-84e6-14781b3078bf"}},{"SurveyID":"SV_9ykT8FWUU31yjGu","Element":"SO","PrimaryAttribute":"Survey Options","SecondaryAttribute":null,"TertiaryAttribute":null,"Payload":{"BackButton":"false","SaveAndContinue":"true","SurveyProtection":"PublicSurvey","BallotBoxStuffingPrevention":"false","NoIndex":"Yes","SecureResponseFiles":"true","SurveyExpiration":"None","SurveyTermination":"DefaultMessage","Header":"","Footer":"","ProgressBarDisplay":"None","PartialData":"+1 week","ValidationMessage":"","PreviousButton":"","NextButton":"","SurveyTitle":"Qualtrics Survey | Qualtrics Experience Management","SkinLibrary":"ivtethz","SkinType":"templated","Skin":{"brandingId":null,"templateId":"*2014","overrides":null},"NewScoring":1,"SurveyMetaDescription":"The most powerful, simple and trusted way to gather experience data. Start your journey to experience management and try a free account today.","CustomStyles":{"customCSS":".Matrix table{\nborder-collapse:collapse !important;\n}\n\n\/* for each row border top *\/\n.Matrix tr.ChoiceRow {\n      border-top: 1px solid grey;\n}\n\n\/* shizzle columns inbetween in white *\/\n.Matrix tr.ChoiceRow td.c2.BorderColor,\n.Matrix tr.ChoiceRow td.c3.BorderColor {\n\tbackground: #F2F3F3;\n}\n\n\/* first column in grey *\/\n.Matrix tr.ChoiceRow th.c1 {\n\tbackground: #F2F3F3;\n}\n\n\/* from 4th choice column every second in moia blue *\/\n.Matrix tr.ChoiceRow td:nth-child(2n+4) {\n\tbackground: #E6EBFF;\n}\n\n\/*.Matrix tr.ChoiceRow:nth-child(odd) {\n\tbackground: #E6EBFF;\n}*\/\n\n\/*.Matrix .Answers:nth-child(1) {\n\t\tbackground: #E6E7E8;\n}*\/\n\n.Matrix .Answers th:nth-child(2n+4) {\n\t\tbackground: #E6EBFF;\n}\n\n\/* make klicked radio buttons blue *\/\n.Matrix label.q-radio.q-checked{\n\tbackground-color:blue !important;\n}\n\n\/* no hovering color *\/\n.Skin .Matrix .ChoiceRow:hover {\n\tbackground-color: transparent;\n}\n"}}},{"SurveyID":"SV_9ykT8FWUU31yjGu","Element":"SCO","PrimaryAttribute":"Scoring","SecondaryAttribute":null,"TertiaryAttribute":null,"Payload":{"ScoringCategories":[],"ScoringCategoryGroups":[],"ScoringSummaryCategory":null,"ScoringSummaryAfterQuestions":0,"ScoringSummaryAfterSurvey":0,"DefaultScoringCategory":null,"AutoScoringCategory":null}},{"SurveyID":"SV_9ykT8FWUU31yjGu","Element":"PROJ","PrimaryAttribute":"CORE","SecondaryAttribute":null,"TertiaryAttribute":"1.1.0","Payload":{"ProjectCategory":"CORE","SchemaVersion":"1.1.0"}},{"SurveyID":"SV_9ykT8FWUU31yjGu","Element":"STAT","PrimaryAttribute":"Survey Statistics","SecondaryAttribute":null,"TertiaryAttribute":null,"Payload":{"MobileCompatible":true,"ID":"Survey Statistics"}},{"SurveyID":"SV_9ykT8FWUU31yjGu","Element":"QC","PrimaryAttribute":"Survey Question Count","SecondaryAttribute":"11","TertiaryAttribute":null,"Payload":null},{"SurveyID":"SV_9ykT8FWUU31yjGu","Element":"RS","PrimaryAttribute":"RS_6Jvm96XWmyyLb0y","SecondaryAttribute":"Default Response Set","TertiaryAttribute":null,"Payload":null},{"SurveyID":"SV_9ykT8FWUU31yjGu","Element":"SQ","PrimaryAttribute":"QID10","SecondaryAttribute":"In the following section, the choice situations are displayed with Matrix tables. If you fill out...","TertiaryAttribute":null,"Payload":{"QuestionText":"In the following section, the choice situations are displayed with Matrix tables.<br><br>If you fill out this survey on a mobile device, please consider tilting it horizontally for better readability.","DefaultChoices":false,"DataExportTag":"dce_mt_intro","QuestionID":"QID10","QuestionType":"DB","Selector":"TB","Configuration":{"QuestionDescriptionOption":"UseText"},"QuestionDescription":"In the following section, the choice situations are displayed with Matrix tables. If you fill out...","ChoiceOrder":[],"Validation":{"Settings":{"Type":"None"}},"GradingData":[],"Language":[],"NextChoiceId":4,"NextAnswerId":1,"DataVisibility":{"Private":false,"Hidden":false}}},{"SurveyID":"SV_9ykT8FWUU31yjGu","Element":"SQ","PrimaryAttribute":"QID11","SecondaryAttribute":"In this section, the choice situations are displayed with png-pictures that are embedded in Multi...","TertiaryAttribute":null,"Payload":{"QuestionText":"In this section, the choice situations are displayed with png-pictures that are embedded in Multiple choice questions.<br><br>If you fill out this survey on a mobile device, please consider tilting it horizontally for better readability.<br>","DefaultChoices":false,"DataExportTag":"dce_png_intro","QuestionID":"QID11","QuestionType":"DB","Selector":"TB","Configuration":{"QuestionDescriptionOption":"UseText"},"QuestionDescription":"In this section, the choice situations are displayed with png-pictures that are embedded in Multi...","ChoiceOrder":[],"Validation":{"Settings":{"Type":"None"}},"GradingData":[],"Language":[],"NextChoiceId":4,"NextAnswerId":1}},{"SurveyID":"SV_9ykT8FWUU31yjGu","Element":"SQ","PrimaryAttribute":"QID6","SecondaryAttribute":"Please choose your preferred mode:","TertiaryAttribute":null,"Payload":{"QuestionText":"Please choose your preferred mode:","DefaultChoices":false,"DataExportTag":"dce_mt_cs1","QuestionType":"Matrix","Selector":"Likert","SubSelector":"SingleAnswer","Configuration":{"QuestionDescriptionOption":"UseText","TextPosition":"inline","ChoiceColumnWidth":25,"RepeatHeaders":"none","WhiteSpace":"OFF","MobileFirst":false},"QuestionDescription":"Please choose your preferred mode:","Choices":{"1":{"Display":"Cost"},"2":{"Display":"Travel time"},"3":{"Display":"Your Choice:"}},"ChoiceOrder":["1","2","3"],"Validation":{"Settings":{"ForceResponse":"OFF","Type":"CustomValidation","CustomValidation":{"Logic":{"0":{"0":{"ChoiceLocator":"q:\/\/QID6\/SelectableChoice\/3\/1","Description":"<span class=\"ConjDesc\">If<\/span> <span class=\"QuestionDesc\">Please choose your preferred mode:<\/span> <span class=\"LeftOpDesc\">Your Choice: - Walk<\/span> <span class=\"OpDesc\">Is Selected<\/span> ","LeftOperand":"q:\/\/QID6\/SelectableChoice\/3\/1","LogicType":"Question","Operator":"Selected","QuestionID":"QID6","QuestionIDFromLocator":"QID6","QuestionIsInLoop":"no","Type":"Expression"},"1":{"ChoiceLocator":"q:\/\/QID6\/SelectableChoice\/3\/2","Conjuction":"Or","Description":"<span class=\"ConjDesc\">Or<\/span> <span class=\"QuestionDesc\">Please choose your preferred mode:<\/span> <span class=\"LeftOpDesc\">Your Choice: - Bicycle<\/span> <span class=\"OpDesc\">Is Selected<\/span> ","LeftOperand":"q:\/\/QID6\/SelectableChoice\/3\/2","LogicType":"Question","Operator":"Selected","QuestionID":"QID6","QuestionIDFromLocator":"QID6","QuestionIsInLoop":"no","Type":"Expression"},"2":{"ChoiceLocator":"q:\/\/QID6\/SelectableChoice\/3\/3","Conjuction":"Or","Description":"<span class=\"ConjDesc\">Or<\/span> <span class=\"QuestionDesc\">Please choose your preferred mode:<\/span> <span class=\"LeftOpDesc\">Your Choice: - Car<\/span> <span class=\"OpDesc\">Is Selected<\/span> ","LeftOperand":"q:\/\/QID6\/SelectableChoice\/3\/3","LogicType":"Question","Operator":"Selected","QuestionID":"QID6","QuestionIDFromLocator":"QID6","QuestionIsInLoop":"no","Type":"Expression"},"3":{"ChoiceLocator":"q:\/\/QID6\/SelectableChoice\/3\/4","Conjuction":"Or","Description":"<span class=\"ConjDesc\">Or<\/span> <span class=\"QuestionDesc\">Please choose your preferred mode:<\/span> <span class=\"LeftOpDesc\">Your Choice: - PT<\/span> <span class=\"OpDesc\">Is Selected<\/span> ","LeftOperand":"q:\/\/QID6\/SelectableChoice\/3\/4","LogicType":"Question","Operator":"Selected","QuestionID":"QID6","QuestionIDFromLocator":"QID6","QuestionIsInLoop":"no","Type":"Expression"},"Type":"If"},"Type":"BooleanExpression"},"Message":{"description":"Error Text","libraryID":"UR_1B5Pj6Wk9W8D0lT","messageID":"MS_8oFCQUgWZC8CwJ0","subMessageID":"VE_ERROR"}}}},"GradingData":[],"Language":[],"NextChoiceId":4,"NextAnswerId":5,"Answers":{"1":{"Display":"<strong>Walk<\/strong>"},"2":{"Display":"<strong>Bicycle<\/strong>"},"3":{"Display":"<strong>Car<\/strong>"},"4":{"Display":"<strong>PT<\/strong>"}},"AnswerOrder":["1","2","3","4"],"ChoiceDataExportTags":false,"QuestionID":"QID6","QuestionJS":"Qualtrics.SurveyEngine.addOnload(function()\n{\n\t\/*Place your JavaScript here to run when the page loads*\/\n\t\n\tvar id = this.questionId;\n\t\t\n\t$(\"QR~\"+id+\"~1~1\").up(\"td\").childElements().invoke(\"hide\");\n\t$(\"QR~\"+id+\"~1~2\").up(\"td\").childElements().invoke(\"hide\");\n\t$(\"QR~\"+id+\"~1~3\").up(\"td\").childElements().invoke(\"hide\");\n\t$(\"QR~\"+id+\"~1~4\").up(\"td\").childElements().invoke(\"hide\");\n\t\n\t$(\"QR~\"+id+\"~1~1\").up(\"td\").innerHTML=\"${e:\/\/Field\/0.cost_walk}\";\n\t$(\"QR~\"+id+\"~1~2\").up(\"td\").innerHTML=\"${e:\/\/Field\/0.cost_bicycle}\";\n\t$(\"QR~\"+id+\"~1~3\").up(\"td\").innerHTML=\"${e:\/\/Field\/0.cost_car}\";\n\t$(\"QR~\"+id+\"~1~4\").up(\"td\").innerHTML=\"${e:\/\/Field\/0.cost_pt}\";\n\t\n\t$(\"QR~\"+id+\"~2~1\").up(\"td\").childElements().invoke(\"hide\");\n\t$(\"QR~\"+id+\"~2~2\").up(\"td\").childElements().invoke(\"hide\");\n\t$(\"QR~\"+id+\"~2~3\").up(\"td\").childElements().invoke(\"hide\");\n\t$(\"QR~\"+id+\"~2~4\").up(\"td\").childElements().invoke(\"hide\");\n\t\n\t$(\"QR~\"+id+\"~2~1\").up(\"td\").innerHTML=\"${e:\/\/Field\/0.traveltime_walk}\";\n\t$(\"QR~\"+id+\"~2~2\").up(\"td\").innerHTML=\"${e:\/\/Field\/0.traveltime_bicycle}\";\n\t$(\"QR~\"+id+\"~2~3\").up(\"td\").innerHTML=\"${e:\/\/Field\/0.traveltime_car}\";\n\t$(\"QR~\"+id+\"~2~4\").up(\"td\").innerHTML=\"${e:\/\/Field\/0.traveltime_pt}\";\n\t\n\n});\n\nQualtrics.SurveyEngine.addOnReady(function()\n{\n\t\/*Place your JavaScript here to run when the page is fully displayed*\/\n\n});\n\nQualtrics.SurveyEngine.addOnUnload(function()\n{\n\t\/*Place your JavaScript here to run when the page is unloaded*\/\n\n});","DataVisibility":{"Private":false,"Hidden":false},"AnswerRandomization":{"Advanced":null,"TotalRandSubset":"","Type":"All"}}},{"SurveyID":"SV_9ykT8FWUU31yjGu","Element":"SQ","PrimaryAttribute":"QID7","SecondaryAttribute":"Please choose your preferred mode:","TertiaryAttribute":null,"Payload":{"QuestionText":"Please choose your preferred mode:","QuestionJS":"Qualtrics.SurveyEngine.addOnload(function()\n{\n\t\/*Place your JavaScript here to run when the page loads*\/\n\t\n\tvar id = this.questionId;\n\t\t\n\t$(\"QR~\"+id+\"~1~1\").up(\"td\").childElements().invoke(\"hide\");\n\t$(\"QR~\"+id+\"~1~2\").up(\"td\").childElements().invoke(\"hide\");\n\t$(\"QR~\"+id+\"~1~3\").up(\"td\").childElements().invoke(\"hide\");\n\t$(\"QR~\"+id+\"~1~4\").up(\"td\").childElements().invoke(\"hide\");\n\t\n\t$(\"QR~\"+id+\"~1~1\").up(\"td\").innerHTML=\"${e:\/\/Field\/1.cost_walk}\";\n\t$(\"QR~\"+id+\"~1~2\").up(\"td\").innerHTML=\"${e:\/\/Field\/1.cost_bicycle}\";\n\t$(\"QR~\"+id+\"~1~3\").up(\"td\").innerHTML=\"${e:\/\/Field\/1.cost_car}\";\n\t$(\"QR~\"+id+\"~1~4\").up(\"td\").innerHTML=\"${e:\/\/Field\/1.cost_pt}\";\n\t\n\t$(\"QR~\"+id+\"~2~1\").up(\"td\").childElements().invoke(\"hide\");\n\t$(\"QR~\"+id+\"~2~2\").up(\"td\").childElements().invoke(\"hide\");\n\t$(\"QR~\"+id+\"~2~3\").up(\"td\").childElements().invoke(\"hide\");\n\t$(\"QR~\"+id+\"~2~4\").up(\"td\").childElements().invoke(\"hide\");\n\t\n\t$(\"QR~\"+id+\"~2~1\").up(\"td\").innerHTML=\"${e:\/\/Field\/1.traveltime_walk}\";\n\t$(\"QR~\"+id+\"~2~2\").up(\"td\").innerHTML=\"${e:\/\/Field\/1.traveltime_bicycle}\";\n\t$(\"QR~\"+id+\"~2~3\").up(\"td\").innerHTML=\"${e:\/\/Field\/1.traveltime_car}\";\n\t$(\"QR~\"+id+\"~2~4\").up(\"td\").innerHTML=\"${e:\/\/Field\/1.traveltime_pt}\";\n\t\n\n});\n\nQualtrics.SurveyEngine.addOnReady(function()\n{\n\t\/*Place your JavaScript here to run when the page is fully displayed*\/\n\n});\n\nQualtrics.SurveyEngine.addOnUnload(function()\n{\n\t\/*Place your JavaScript here to run when the page is unloaded*\/\n\n});","DefaultChoices":false,"DataExportTag":"dce_mt_cs2","QuestionType":"Matrix","Selector":"Likert","SubSelector":"SingleAnswer","DataVisibility":{"Private":false,"Hidden":false},"Configuration":{"QuestionDescriptionOption":"UseText","TextPosition":"inline","ChoiceColumnWidth":25,"RepeatHeaders":"none","WhiteSpace":"OFF","MobileFirst":false},"QuestionDescription":"Please choose your preferred mode:","Choices":{"1":{"Display":"Cost"},"2":{"Display":"Travel time"},"3":{"Display":"Your Choice:"}},"ChoiceOrder":["1","2","3"],"Validation":{"Settings":{"ForceResponse":"OFF","Type":"CustomValidation","CustomValidation":{"Logic":{"0":{"0":{"QuestionID":"QID7","QuestionIsInLoop":"no","ChoiceLocator":"q:\/\/QID7\/SelectableChoice\/3\/1","Operator":"Selected","QuestionIDFromLocator":"QID7","LeftOperand":"q:\/\/QID7\/SelectableChoice\/3\/1","Type":"Expression","LogicType":"Question","Description":"<span class=\"ConjDesc\">If<\/span> <span class=\"QuestionDesc\">Please choose your preferred mode:<\/span> <span class=\"LeftOpDesc\">Your Choice: - Walk<\/span> <span class=\"OpDesc\">Is Selected<\/span> "},"1":{"QuestionID":"QID7","QuestionIsInLoop":"no","ChoiceLocator":"q:\/\/QID7\/SelectableChoice\/3\/2","Operator":"Selected","QuestionIDFromLocator":"QID7","LeftOperand":"q:\/\/QID7\/SelectableChoice\/3\/2","Type":"Expression","LogicType":"Question","Description":"<span class=\"ConjDesc\">Or<\/span> <span class=\"QuestionDesc\">Please choose your preferred mode:<\/span> <span class=\"LeftOpDesc\">Your Choice: - Bicycle<\/span> <span class=\"OpDesc\">Is Selected<\/span> ","Conjuction":"Or"},"2":{"QuestionID":"QID7","QuestionIsInLoop":"no","ChoiceLocator":"q:\/\/QID7\/SelectableChoice\/3\/3","Operator":"Selected","QuestionIDFromLocator":"QID7","LeftOperand":"q:\/\/QID7\/SelectableChoice\/3\/3","Type":"Expression","LogicType":"Question","Description":"<span class=\"ConjDesc\">Or<\/span> <span class=\"QuestionDesc\">Please choose your preferred mode:<\/span> <span class=\"LeftOpDesc\">Your Choice: - Car<\/span> <span class=\"OpDesc\">Is Selected<\/span> ","Conjuction":"Or"},"3":{"QuestionID":"QID7","QuestionIsInLoop":"no","ChoiceLocator":"q:\/\/QID7\/SelectableChoice\/3\/4","Operator":"Selected","QuestionIDFromLocator":"QID7","LeftOperand":"q:\/\/QID7\/SelectableChoice\/3\/4","Type":"Expression","LogicType":"Question","Description":"<span class=\"ConjDesc\">Or<\/span> <span class=\"QuestionDesc\">Please choose your preferred mode:<\/span> <span class=\"LeftOpDesc\">Your Choice: - PT<\/span> <span class=\"OpDesc\">Is Selected<\/span> ","Conjuction":"Or"},"Type":"If"},"Type":"BooleanExpression"},"Message":{"messageID":"MS_8oFCQUgWZC8CwJ0","subMessageID":"VE_ERROR","libraryID":"UR_1B5Pj6Wk9W8D0lT","description":"Error Text"}}}},"GradingData":[],"Language":[],"NextChoiceId":4,"NextAnswerId":5,"Answers":{"1":{"Display":"<strong>Walk<\/strong>"},"2":{"Display":"<strong>Bicycle<\/strong>"},"3":{"Display":"<strong>Car<\/strong>"},"4":{"Display":"<strong>PT<\/strong>"}},"AnswerOrder":["1","2","3","4"],"ChoiceDataExportTags":false,"QuestionID":"QID7","AnswerRandomization":{"Advanced":null,"Type":"All","TotalRandSubset":""}}},{"SurveyID":"SV_9ykT8FWUU31yjGu","Element":"SQ","PrimaryAttribute":"QID8","SecondaryAttribute":"Please choose your preferred mode:","TertiaryAttribute":null,"Payload":{"QuestionText":"Please choose your preferred mode:","QuestionJS":"Qualtrics.SurveyEngine.addOnload(function()\n{\n\t\/*Place your JavaScript here to run when the page loads*\/\n\t\n\tvar id = this.questionId;\n\t\t\n\t$(\"QR~\"+id+\"~1~1\").up(\"td\").childElements().invoke(\"hide\");\n\t$(\"QR~\"+id+\"~1~2\").up(\"td\").childElements().invoke(\"hide\");\n\t$(\"QR~\"+id+\"~1~3\").up(\"td\").childElements().invoke(\"hide\");\n\t$(\"QR~\"+id+\"~1~4\").up(\"td\").childElements().invoke(\"hide\");\n\t\n\t$(\"QR~\"+id+\"~1~1\").up(\"td\").innerHTML=\"${e:\/\/Field\/2.cost_walk}\";\n\t$(\"QR~\"+id+\"~1~2\").up(\"td\").innerHTML=\"${e:\/\/Field\/2.cost_bicycle}\";\n\t$(\"QR~\"+id+\"~1~3\").up(\"td\").innerHTML=\"${e:\/\/Field\/2.cost_car}\";\n\t$(\"QR~\"+id+\"~1~4\").up(\"td\").innerHTML=\"${e:\/\/Field\/2.cost_pt}\";\n\t\n\t$(\"QR~\"+id+\"~2~1\").up(\"td\").childElements().invoke(\"hide\");\n\t$(\"QR~\"+id+\"~2~2\").up(\"td\").childElements().invoke(\"hide\");\n\t$(\"QR~\"+id+\"~2~3\").up(\"td\").childElements().invoke(\"hide\");\n\t$(\"QR~\"+id+\"~2~4\").up(\"td\").childElements().invoke(\"hide\");\n\t\n\t$(\"QR~\"+id+\"~2~1\").up(\"td\").innerHTML=\"${e:\/\/Field\/2.traveltime_walk}\";\n\t$(\"QR~\"+id+\"~2~2\").up(\"td\").innerHTML=\"${e:\/\/Field\/2.traveltime_bicycle}\";\n\t$(\"QR~\"+id+\"~2~3\").up(\"td\").innerHTML=\"${e:\/\/Field\/2.traveltime_car}\";\n\t$(\"QR~\"+id+\"~2~4\").up(\"td\").innerHTML=\"${e:\/\/Field\/2.traveltime_pt}\";\n\t\n\n});\n\nQualtrics.SurveyEngine.addOnReady(function()\n{\n\t\/*Place your JavaScript here to run when the page is fully displayed*\/\n\n});\n\nQualtrics.SurveyEngine.addOnUnload(function()\n{\n\t\/*Place your JavaScript here to run when the page is unloaded*\/\n\n});","DefaultChoices":false,"DataExportTag":"dce_mt_cs3","QuestionType":"Matrix","Selector":"Likert","SubSelector":"SingleAnswer","DataVisibility":{"Private":false,"Hidden":false},"Configuration":{"QuestionDescriptionOption":"UseText","TextPosition":"inline","ChoiceColumnWidth":25,"RepeatHeaders":"none","WhiteSpace":"OFF","MobileFirst":false},"QuestionDescription":"Please choose your preferred mode:","Choices":{"1":{"Display":"Cost"},"2":{"Display":"Travel time"},"3":{"Display":"Your Choice:"}},"ChoiceOrder":["1","2","3"],"Validation":{"Settings":{"ForceResponse":"OFF","Type":"CustomValidation","CustomValidation":{"Logic":{"0":{"0":{"QuestionID":"QID8","QuestionIsInLoop":"no","ChoiceLocator":"q:\/\/QID8\/SelectableChoice\/3\/1","Operator":"Selected","QuestionIDFromLocator":"QID8","LeftOperand":"q:\/\/QID8\/SelectableChoice\/3\/1","Type":"Expression","LogicType":"Question","Description":"<span class=\"ConjDesc\">If<\/span> <span class=\"QuestionDesc\">Please choose your preferred mode:<\/span> <span class=\"LeftOpDesc\">Your Choice: - Walk<\/span> <span class=\"OpDesc\">Is Selected<\/span> "},"1":{"QuestionID":"QID8","QuestionIsInLoop":"no","ChoiceLocator":"q:\/\/QID8\/SelectableChoice\/3\/2","Operator":"Selected","QuestionIDFromLocator":"QID8","LeftOperand":"q:\/\/QID8\/SelectableChoice\/3\/2","Type":"Expression","LogicType":"Question","Description":"<span class=\"ConjDesc\">Or<\/span> <span class=\"QuestionDesc\">Please choose your preferred mode:<\/span> <span class=\"LeftOpDesc\">Your Choice: - Bicycle<\/span> <span class=\"OpDesc\">Is Selected<\/span> ","Conjuction":"Or"},"2":{"QuestionID":"QID8","QuestionIsInLoop":"no","ChoiceLocator":"q:\/\/QID8\/SelectableChoice\/3\/3","Operator":"Selected","QuestionIDFromLocator":"QID8","LeftOperand":"q:\/\/QID8\/SelectableChoice\/3\/3","Type":"Expression","LogicType":"Question","Description":"<span class=\"ConjDesc\">Or<\/span> <span class=\"QuestionDesc\">Please choose your preferred mode:<\/span> <span class=\"LeftOpDesc\">Your Choice: - Car<\/span> <span class=\"OpDesc\">Is Selected<\/span> ","Conjuction":"Or"},"3":{"QuestionID":"QID8","QuestionIsInLoop":"no","ChoiceLocator":"q:\/\/QID8\/SelectableChoice\/3\/4","Operator":"Selected","QuestionIDFromLocator":"QID8","LeftOperand":"q:\/\/QID8\/SelectableChoice\/3\/4","Type":"Expression","LogicType":"Question","Description":"<span class=\"ConjDesc\">Or<\/span> <span class=\"QuestionDesc\">Please choose your preferred mode:<\/span> <span class=\"LeftOpDesc\">Your Choice: - PT<\/span> <span class=\"OpDesc\">Is Selected<\/span> ","Conjuction":"Or"},"Type":"If"},"Type":"BooleanExpression"},"Message":{"messageID":"MS_8oFCQUgWZC8CwJ0","subMessageID":"VE_ERROR","libraryID":"UR_1B5Pj6Wk9W8D0lT","description":"Error Text"}}}},"GradingData":[],"Language":[],"NextChoiceId":4,"NextAnswerId":5,"Answers":{"1":{"Display":"<strong>Walk<\/strong>"},"2":{"Display":"<strong>Bicycle<\/strong>"},"3":{"Display":"<strong>Car<\/strong>"},"4":{"Display":"<strong>PT<\/strong>"}},"AnswerOrder":["1","2","3","4"],"ChoiceDataExportTags":false,"QuestionID":"QID8"}},{"SurveyID":"SV_9ykT8FWUU31yjGu","Element":"SQ","PrimaryAttribute":"QID9","SecondaryAttribute":"Please choose your preferred mode:","TertiaryAttribute":null,"Payload":{"QuestionText":"Please choose your preferred mode:","QuestionJS":"Qualtrics.SurveyEngine.addOnload(function()\n{\n\t\/*Place your JavaScript here to run when the page loads*\/\n\t\n\tvar id = this.questionId;\n\t\t\n\t$(\"QR~\"+id+\"~1~1\").up(\"td\").childElements().invoke(\"hide\");\n\t$(\"QR~\"+id+\"~1~2\").up(\"td\").childElements().invoke(\"hide\");\n\t$(\"QR~\"+id+\"~1~3\").up(\"td\").childElements().invoke(\"hide\");\n\t$(\"QR~\"+id+\"~1~4\").up(\"td\").childElements().invoke(\"hide\");\n\t\n\t$(\"QR~\"+id+\"~1~1\").up(\"td\").innerHTML=\"${e:\/\/Field\/3.cost_walk}\";\n\t$(\"QR~\"+id+\"~1~2\").up(\"td\").innerHTML=\"${e:\/\/Field\/3.cost_bicycle}\";\n\t$(\"QR~\"+id+\"~1~3\").up(\"td\").innerHTML=\"${e:\/\/Field\/3.cost_car}\";\n\t$(\"QR~\"+id+\"~1~4\").up(\"td\").innerHTML=\"${e:\/\/Field\/3.cost_pt}\";\n\t\n\t$(\"QR~\"+id+\"~2~1\").up(\"td\").childElements().invoke(\"hide\");\n\t$(\"QR~\"+id+\"~2~2\").up(\"td\").childElements().invoke(\"hide\");\n\t$(\"QR~\"+id+\"~2~3\").up(\"td\").childElements().invoke(\"hide\");\n\t$(\"QR~\"+id+\"~2~4\").up(\"td\").childElements().invoke(\"hide\");\n\t\n\t$(\"QR~\"+id+\"~2~1\").up(\"td\").innerHTML=\"${e:\/\/Field\/3.traveltime_walk}\";\n\t$(\"QR~\"+id+\"~2~2\").up(\"td\").innerHTML=\"${e:\/\/Field\/3.traveltime_bicycle}\";\n\t$(\"QR~\"+id+\"~2~3\").up(\"td\").innerHTML=\"${e:\/\/Field\/3.traveltime_car}\";\n\t$(\"QR~\"+id+\"~2~4\").up(\"td\").innerHTML=\"${e:\/\/Field\/3.traveltime_pt}\";\n\t\n\n});\n\nQualtrics.SurveyEngine.addOnReady(function()\n{\n\t\/*Place your JavaScript here to run when the page is fully displayed*\/\n\n});\n\nQualtrics.SurveyEngine.addOnUnload(function()\n{\n\t\/*Place your JavaScript here to run when the page is unloaded*\/\n\n});","DefaultChoices":false,"DataExportTag":"dce_mt_cs4","QuestionType":"Matrix","Selector":"Likert","SubSelector":"SingleAnswer","DataVisibility":{"Private":false,"Hidden":false},"Configuration":{"QuestionDescriptionOption":"UseText","TextPosition":"inline","ChoiceColumnWidth":25,"RepeatHeaders":"none","WhiteSpace":"OFF","MobileFirst":false},"QuestionDescription":"Please choose your preferred mode:","Choices":{"1":{"Display":"Cost"},"2":{"Display":"Travel time"},"3":{"Display":"Your Choice:"}},"ChoiceOrder":["1","2","3"],"Validation":{"Settings":{"ForceResponse":"OFF","Type":"CustomValidation","CustomValidation":{"Logic":{"0":{"0":{"QuestionID":"QID9","QuestionIsInLoop":"no","ChoiceLocator":"q:\/\/QID9\/SelectableChoice\/3\/1","Operator":"Selected","QuestionIDFromLocator":"QID9","LeftOperand":"q:\/\/QID9\/SelectableChoice\/3\/1","Type":"Expression","LogicType":"Question","Description":"<span class=\"ConjDesc\">If<\/span> <span class=\"QuestionDesc\">Please choose your preferred mode:<\/span> <span class=\"LeftOpDesc\">Your Choice: - Walk<\/span> <span class=\"OpDesc\">Is Selected<\/span> "},"1":{"QuestionID":"QID9","QuestionIsInLoop":"no","ChoiceLocator":"q:\/\/QID9\/SelectableChoice\/3\/2","Operator":"Selected","QuestionIDFromLocator":"QID9","LeftOperand":"q:\/\/QID9\/SelectableChoice\/3\/2","Type":"Expression","LogicType":"Question","Description":"<span class=\"ConjDesc\">Or<\/span> <span class=\"QuestionDesc\">Please choose your preferred mode:<\/span> <span class=\"LeftOpDesc\">Your Choice: - Bicycle<\/span> <span class=\"OpDesc\">Is Selected<\/span> ","Conjuction":"Or"},"2":{"QuestionID":"QID9","QuestionIsInLoop":"no","ChoiceLocator":"q:\/\/QID9\/SelectableChoice\/3\/3","Operator":"Selected","QuestionIDFromLocator":"QID9","LeftOperand":"q:\/\/QID9\/SelectableChoice\/3\/3","Type":"Expression","LogicType":"Question","Description":"<span class=\"ConjDesc\">Or<\/span> <span class=\"QuestionDesc\">Please choose your preferred mode:<\/span> <span class=\"LeftOpDesc\">Your Choice: - Car<\/span> <span class=\"OpDesc\">Is Selected<\/span> ","Conjuction":"Or"},"3":{"QuestionID":"QID9","QuestionIsInLoop":"no","ChoiceLocator":"q:\/\/QID9\/SelectableChoice\/3\/4","Operator":"Selected","QuestionIDFromLocator":"QID9","LeftOperand":"q:\/\/QID9\/SelectableChoice\/3\/4","Type":"Expression","LogicType":"Question","Description":"<span class=\"ConjDesc\">Or<\/span> <span class=\"QuestionDesc\">Please choose your preferred mode:<\/span> <span class=\"LeftOpDesc\">Your Choice: - PT<\/span> <span class=\"OpDesc\">Is Selected<\/span> ","Conjuction":"Or"},"Type":"If"},"Type":"BooleanExpression"},"Message":{"messageID":"MS_8oFCQUgWZC8CwJ0","subMessageID":"VE_ERROR","libraryID":"UR_1B5Pj6Wk9W8D0lT","description":"Error Text"}}}},"GradingData":[],"Language":[],"NextChoiceId":4,"NextAnswerId":5,"Answers":{"1":{"Display":"<strong>Walk<\/strong>"},"2":{"Display":"<strong>Bicycle<\/strong>"},"3":{"Display":"<strong>Car<\/strong>"},"4":{"Display":"<strong>PT<\/strong>"}},"AnswerOrder":["1","2","3","4"],"ChoiceDataExportTags":false,"QuestionID":"QID9"}},{"SurveyID":"SV_9ykT8FWUU31yjGu","Element":"SQ","PrimaryAttribute":"QID2","SecondaryAttribute":"Please choose your preferred option:","TertiaryAttribute":null,"Payload":{"QuestionText":"Please choose your preferred option:<br>\n<br>\n<img src=\"https:\/\/dcesp.s3.eu-central-1.amazonaws.com\/cards\/block_${e:\/\/Field\/block}_cs_1.png\">","DefaultChoices":false,"DataExportTag":"dce_png_cs1","QuestionType":"MC","Selector":"SAVR","SubSelector":"TX","Configuration":{"QuestionDescriptionOption":"UseText"},"QuestionDescription":"Please choose your preferred option:","Choices":{"1":{"Display":"Option 1"},"2":{"Display":"Option 2"},"3":{"Display":"Option 3"},"4":{"Display":"Option 4"}},"ChoiceOrder":[1,2,3,4],"Validation":{"Settings":{"ForceResponse":"ON","ForceResponseType":"ON","Type":"None"}},"GradingData":[],"Language":[],"NextChoiceId":5,"NextAnswerId":1,"QuestionID":"QID2","DataVisibility":{"Private":false,"Hidden":false}}},{"SurveyID":"SV_9ykT8FWUU31yjGu","Element":"SQ","PrimaryAttribute":"QID3","SecondaryAttribute":"Please choose your preferred option:","TertiaryAttribute":null,"Payload":{"QuestionText":"Please choose your preferred option:<br>\n<br>\n<img src=\"https:\/\/dcesp.s3.eu-central-1.amazonaws.com\/cards\/block_${e:\/\/Field\/block}_cs_2.png\">","DefaultChoices":false,"DataExportTag":"dce_png_cs2","QuestionType":"MC","Selector":"SAVR","SubSelector":"TX","DataVisibility":{"Private":false,"Hidden":false},"Configuration":{"QuestionDescriptionOption":"UseText"},"QuestionDescription":"Please choose your preferred option:","Choices":{"1":{"Display":"Option 1"},"2":{"Display":"Option 2"},"3":{"Display":"Option 3"},"4":{"Display":"Option 4"}},"ChoiceOrder":[1,2,3,4],"Validation":{"Settings":{"ForceResponse":"ON","ForceResponseType":"ON","Type":"None"}},"GradingData":[],"Language":[],"NextChoiceId":5,"NextAnswerId":1,"QuestionID":"QID3"}},{"SurveyID":"SV_9ykT8FWUU31yjGu","Element":"SQ","PrimaryAttribute":"QID4","SecondaryAttribute":"Please choose your preferred option:","TertiaryAttribute":null,"Payload":{"QuestionText":"Please choose your preferred option:<br>\n<br>\n<img src=\"https:\/\/dcesp.s3.eu-central-1.amazonaws.com\/cards\/block_${e:\/\/Field\/block}_cs_3.png\">","DefaultChoices":false,"DataExportTag":"dce_png_cs3","QuestionType":"MC","Selector":"SAVR","SubSelector":"TX","DataVisibility":{"Private":false,"Hidden":false},"Configuration":{"QuestionDescriptionOption":"UseText"},"QuestionDescription":"Please choose your preferred option:","Choices":{"1":{"Display":"Option 1"},"2":{"Display":"Option 2"},"3":{"Display":"Option 3"},"4":{"Display":"Option 4"}},"ChoiceOrder":[1,2,3,4],"Validation":{"Settings":{"ForceResponse":"ON","ForceResponseType":"ON","Type":"None"}},"GradingData":[],"Language":[],"NextChoiceId":5,"NextAnswerId":1,"QuestionID":"QID4"}},{"SurveyID":"SV_9ykT8FWUU31yjGu","Element":"SQ","PrimaryAttribute":"QID5","SecondaryAttribute":"Please choose your preferred option:","TertiaryAttribute":null,"Payload":{"QuestionText":"Please choose your preferred option:<br>\n<br>\n<img src=\"https:\/\/dcesp.s3.eu-central-1.amazonaws.com\/cards\/block_${e:\/\/Field\/block}_cs_4.png\">","DefaultChoices":false,"DataExportTag":"dce_png_cs4","QuestionType":"MC","Selector":"SAVR","SubSelector":"TX","DataVisibility":{"Private":false,"Hidden":false},"Configuration":{"QuestionDescriptionOption":"UseText"},"QuestionDescription":"Please choose your preferred option:","Choices":{"1":{"Display":"Option 1"},"2":{"Display":"Option 2"},"3":{"Display":"Option 3"},"4":{"Display":"Option 4"}},"ChoiceOrder":[1,2,3,4],"Validation":{"Settings":{"ForceResponse":"ON","ForceResponseType":"ON","Type":"None"}},"GradingData":[],"Language":[],"NextChoiceId":5,"NextAnswerId":1,"QuestionID":"QID5"}},{"SurveyID":"SV_9ykT8FWUU31yjGu","Element":"SQ","PrimaryAttribute":"QID1","SecondaryAttribute":"Welcome to this SP experiment on mode choice! This is an example survey that shows the experiment...","TertiaryAttribute":null,"Payload":{"QuestionText":"<b>Welcome to this SP experiment on mode choice!<\/b><br><br>This is an example survey that shows the experiment implemented with a picture- and a matrix-table-based approach. Be aware that the experimental design is only for the purpose of illustration and does not&nbsp;<br><br>The experiment consists of 3 blocks, each with 4 choice situations. A participant only faces 1 block though.<br><br>Have fun!<br>","DefaultChoices":false,"DataExportTag":"intro","QuestionID":"QID1","QuestionType":"DB","Selector":"TB","DataVisibility":{"Private":false,"Hidden":false},"Configuration":{"QuestionDescriptionOption":"UseText"},"QuestionDescription":"Welcome to this SP experiment on mode choice! This is an example survey that shows the experiment...","ChoiceOrder":[],"Validation":{"Settings":{"Type":"None"}},"GradingData":[],"Language":[],"NextChoiceId":4,"NextAnswerId":1}}]}